
Microsoft Visual Studio Solution File, Format Version 12.00
# Visual Studio Version 17
VisualStudioVersion = 17.0.31903.59
MinimumVisualStudioVersion = 10.0.40219.1
Project("{FAE04EC0-301F-11D3-BF4B-00C04F79EFBC}") = "Aplicacion", "Aplicacion\Aplicacion.csproj", "{713C4FF8-4EDB-46A1-8E8E-EC3FE37C9FAD}"
EndProject
Project("{FAE04EC0-301F-11D3-BF4B-00C04F79EFBC}") = "Dominio", "Dominio\Dominio.csproj", "{34A71E4B-2E6B-4C02-B509-501C3B29DB0B}"
EndProject
Project("{FAE04EC0-301F-11D3-BF4B-00C04F79EFBC}") = "Persistencia", "Persistencia\Persistencia.csproj", "{E82D7F9A-BC41-42D1-AF80-0E685E6E73E6}"
EndProject
Project("{FAE04EC0-301F-11D3-BF4B-00C04F79EFBC}") = "Seguridad", "Seguridad\Seguridad.csproj", "{20C88CDD-1D22-441B-9B5F-1221CC85D002}"
EndProject
Project("{FAE04EC0-301F-11D3-BF4B-00C04F79EFBC}") = "skeletonEsApi", "skeletonEsApi\skeletonEsApi.csproj", "{4B5270AD-A980-474C-A484-DF25090C6D25}"
EndProject
Global
	GlobalSection(SolutionConfigurationPlatforms) = preSolution
		Debug|Any CPU = Debug|Any CPU
		Release|Any CPU = Release|Any CPU
	EndGlobalSection
	GlobalSection(SolutionProperties) = preSolution
		HideSolutionNode = FALSE
	EndGlobalSection
	GlobalSection(ProjectConfigurationPlatforms) = postSolution
		{713C4FF8-4EDB-46A1-8E8E-EC3FE37C9FAD}.Debug|Any CPU.ActiveCfg = Debug|Any CPU
		{713C4FF8-4EDB-46A1-8E8E-EC3FE37C9FAD}.Debug|Any CPU.Build.0 = Debug|Any CPU
		{713C4FF8-4EDB-46A1-8E8E-EC3FE37C9FAD}.Release|Any CPU.ActiveCfg = Release|Any CPU
		{713C4FF8-4EDB-46A1-8E8E-EC3FE37C9FAD}.Release|Any CPU.Build.0 = Release|Any CPU
		{34A71E4B-2E6B-4C02-B509-501C3B29DB0B}.Debug|Any CPU.ActiveCfg = Debug|Any CPU
		{34A71E4B-2E6B-4C02-B509-501C3B29DB0B}.Debug|Any CPU.Build.0 = Debug|Any CPU
		{34A71E4B-2E6B-4C02-B509-501C3B29DB0B}.Release|Any CPU.ActiveCfg = Release|Any CPU
		{34A71E4B-2E6B-4C02-B509-501C3B29DB0B}.Release|Any CPU.Build.0 = Release|Any CPU
		{E82D7F9A-BC41-42D1-AF80-0E685E6E73E6}.Debug|Any CPU.ActiveCfg = Debug|Any CPU
		{E82D7F9A-BC41-42D1-AF80-0E685E6E73E6}.Debug|Any CPU.Build.0 = Debug|Any CPU
		{E82D7F9A-BC41-42D1-AF80-0E685E6E73E6}.Release|Any CPU.ActiveCfg = Release|Any CPU
		{E82D7F9A-BC41-42D1-AF80-0E685E6E73E6}.Release|Any CPU.Build.0 = Release|Any CPU
		{20C88CDD-1D22-441B-9B5F-1221CC85D002}.Debug|Any CPU.ActiveCfg = Debug|Any CPU
		{20C88CDD-1D22-441B-9B5F-1221CC85D002}.Debug|Any CPU.Build.0 = Debug|Any CPU
		{20C88CDD-1D22-441B-9B5F-1221CC85D002}.Release|Any CPU.ActiveCfg = Release|Any CPU
		{20C88CDD-1D22-441B-9B5F-1221CC85D002}.Release|Any CPU.Build.0 = Release|Any CPU
		{4B5270AD-A980-474C-A484-DF25090C6D25}.Debug|Any CPU.ActiveCfg = Debug|Any CPU
		{4B5270AD-A980-474C-A484-DF25090C6D25}.Debug|Any CPU.Build.0 = Debug|Any CPU
		{4B5270AD-A980-474C-A484-DF25090C6D25}.Release|Any CPU.ActiveCfg = Release|Any CPU
		{4B5270AD-A980-474C-A484-DF25090C6D25}.Release|Any CPU.Build.0 = Release|Any CPU
	EndGlobalSection
EndGlobal
