
Microsoft Visual Studio Solution File, Format Version 12.00
# Visual Studio Version 17
VisualStudioVersion = 17.0.31903.59
MinimumVisualStudioVersion = 10.0.40219.1
Project("{FAE04EC0-301F-11D3-BF4B-00C04F79EFBC}") = "ApiApolo", "ApiApolo\ApiApolo.csproj", "{E406E9D7-0132-4525-967D-BBCAA3D8937D}"
EndProject
Project("{FAE04EC0-301F-11D3-BF4B-00C04F79EFBC}") = "Core", "Core\Core.csproj", "{8ACA9C3C-6EC2-4567-B33A-1DFAC121E5F9}"
EndProject
Project("{FAE04EC0-301F-11D3-BF4B-00C04F79EFBC}") = "Infrastructure", "Infrastructure\Infrastructure.csproj", "{2D501850-BBB6-4E40-8EBC-8E8B3C3738C7}"
EndProject
Global
	GlobalSection(SolutionConfigurationPlatforms) = preSolution
		Debug|Any CPU = Debug|Any CPU
		Release|Any CPU = Release|Any CPU
	EndGlobalSection
	GlobalSection(SolutionProperties) = preSolution
		HideSolutionNode = FALSE
	EndGlobalSection
	GlobalSection(ProjectConfigurationPlatforms) = postSolution
		{E406E9D7-0132-4525-967D-BBCAA3D8937D}.Debug|Any CPU.ActiveCfg = Debug|Any CPU
		{E406E9D7-0132-4525-967D-BBCAA3D8937D}.Debug|Any CPU.Build.0 = Debug|Any CPU
		{E406E9D7-0132-4525-967D-BBCAA3D8937D}.Release|Any CPU.ActiveCfg = Release|Any CPU
		{E406E9D7-0132-4525-967D-BBCAA3D8937D}.Release|Any CPU.Build.0 = Release|Any CPU
		{8ACA9C3C-6EC2-4567-B33A-1DFAC121E5F9}.Debug|Any CPU.ActiveCfg = Debug|Any CPU
		{8ACA9C3C-6EC2-4567-B33A-1DFAC121E5F9}.Debug|Any CPU.Build.0 = Debug|Any CPU
		{8ACA9C3C-6EC2-4567-B33A-1DFAC121E5F9}.Release|Any CPU.ActiveCfg = Release|Any CPU
		{8ACA9C3C-6EC2-4567-B33A-1DFAC121E5F9}.Release|Any CPU.Build.0 = Release|Any CPU
		{2D501850-BBB6-4E40-8EBC-8E8B3C3738C7}.Debug|Any CPU.ActiveCfg = Debug|Any CPU
		{2D501850-BBB6-4E40-8EBC-8E8B3C3738C7}.Debug|Any CPU.Build.0 = Debug|Any CPU
		{2D501850-BBB6-4E40-8EBC-8E8B3C3738C7}.Release|Any CPU.ActiveCfg = Release|Any CPU
		{2D501850-BBB6-4E40-8EBC-8E8B3C3738C7}.Release|Any CPU.Build.0 = Release|Any CPU
	EndGlobalSection
EndGlobal
