
Microsoft Visual Studio Solution File, Format Version 12.00
# Visual Studio Version 17
VisualStudioVersion = 17.0.31903.59
MinimumVisualStudioVersion = 10.0.40219.1
Project("{FAE04EC0-301F-11D3-BF4B-00C04F79EFBC}") = "ApiPushUpQuiomar", "ApiPushUpQuiomar\ApiPushUpQuiomar.csproj", "{A3998BC6-BB8C-4E15-B194-A468ED92C360}"
EndProject
Project("{FAE04EC0-301F-11D3-BF4B-00C04F79EFBC}") = "Aplication", "Aplication\Aplication.csproj", "{CE9CD009-4974-4F49-A9B7-C8A0433AE1B8}"
EndProject
Project("{FAE04EC0-301F-11D3-BF4B-00C04F79EFBC}") = "Domain", "Domain\Domain.csproj", "{A8358ECC-6EC0-4BA8-A7D1-27D959FD213E}"
EndProject
Project("{FAE04EC0-301F-11D3-BF4B-00C04F79EFBC}") = "Persistence", "Persistence\Persistence.csproj", "{8385B39F-469B-4A09-801C-5591BE9B465D}"
EndProject
Global
	GlobalSection(SolutionConfigurationPlatforms) = preSolution
		Debug|Any CPU = Debug|Any CPU
		Release|Any CPU = Release|Any CPU
	EndGlobalSection
	GlobalSection(SolutionProperties) = preSolution
		HideSolutionNode = FALSE
	EndGlobalSection
	GlobalSection(ProjectConfigurationPlatforms) = postSolution
		{A3998BC6-BB8C-4E15-B194-A468ED92C360}.Debug|Any CPU.ActiveCfg = Debug|Any CPU
		{A3998BC6-BB8C-4E15-B194-A468ED92C360}.Debug|Any CPU.Build.0 = Debug|Any CPU
		{A3998BC6-BB8C-4E15-B194-A468ED92C360}.Release|Any CPU.ActiveCfg = Release|Any CPU
		{A3998BC6-BB8C-4E15-B194-A468ED92C360}.Release|Any CPU.Build.0 = Release|Any CPU
		{CE9CD009-4974-4F49-A9B7-C8A0433AE1B8}.Debug|Any CPU.ActiveCfg = Debug|Any CPU
		{CE9CD009-4974-4F49-A9B7-C8A0433AE1B8}.Debug|Any CPU.Build.0 = Debug|Any CPU
		{CE9CD009-4974-4F49-A9B7-C8A0433AE1B8}.Release|Any CPU.ActiveCfg = Release|Any CPU
		{CE9CD009-4974-4F49-A9B7-C8A0433AE1B8}.Release|Any CPU.Build.0 = Release|Any CPU
		{A8358ECC-6EC0-4BA8-A7D1-27D959FD213E}.Debug|Any CPU.ActiveCfg = Debug|Any CPU
		{A8358ECC-6EC0-4BA8-A7D1-27D959FD213E}.Debug|Any CPU.Build.0 = Debug|Any CPU
		{A8358ECC-6EC0-4BA8-A7D1-27D959FD213E}.Release|Any CPU.ActiveCfg = Release|Any CPU
		{A8358ECC-6EC0-4BA8-A7D1-27D959FD213E}.Release|Any CPU.Build.0 = Release|Any CPU
		{8385B39F-469B-4A09-801C-5591BE9B465D}.Debug|Any CPU.ActiveCfg = Debug|Any CPU
		{8385B39F-469B-4A09-801C-5591BE9B465D}.Debug|Any CPU.Build.0 = Debug|Any CPU
		{8385B39F-469B-4A09-801C-5591BE9B465D}.Release|Any CPU.ActiveCfg = Release|Any CPU
		{8385B39F-469B-4A09-801C-5591BE9B465D}.Release|Any CPU.Build.0 = Release|Any CPU
	EndGlobalSection
EndGlobal
