
Microsoft Visual Studio Solution File, Format Version 12.00
# Visual Studio Version 17
VisualStudioVersion = 17.0.31903.59
MinimumVisualStudioVersion = 10.0.40219.1
Project("{FAE04EC0-301F-11D3-BF4B-00C04F79EFBC}") = "ApiPushUpEnviaBackendPushUpEnviaBackend", "ApiPushUpEnviaBackendPushUpEnviaBackend\ApiPushUpEnviaBackendPushUpEnviaBackend.csproj", "{193E9499-E5D1-45DD-8A20-FF8006A42E6C}"
EndProject
Project("{FAE04EC0-301F-11D3-BF4B-00C04F79EFBC}") = "Domain", "Domain\Domain.csproj", "{9DF38C88-13BA-4FF4-84D3-913313FE578C}"
EndProject
Project("{FAE04EC0-301F-11D3-BF4B-00C04F79EFBC}") = "Persistence", "Persistence\Persistence.csproj", "{C6F67A07-47A8-4496-85F7-98C2FA6ACED2}"
EndProject
Project("{FAE04EC0-301F-11D3-BF4B-00C04F79EFBC}") = "Aplication", "Aplication\Aplication.csproj", "{286BDE8E-41AB-4E0A-A192-3AA5FA63514B}"
EndProject
Global
	GlobalSection(SolutionConfigurationPlatforms) = preSolution
		Debug|Any CPU = Debug|Any CPU
		Release|Any CPU = Release|Any CPU
	EndGlobalSection
	GlobalSection(SolutionProperties) = preSolution
		HideSolutionNode = FALSE
	EndGlobalSection
	GlobalSection(ProjectConfigurationPlatforms) = postSolution
		{193E9499-E5D1-45DD-8A20-FF8006A42E6C}.Debug|Any CPU.ActiveCfg = Debug|Any CPU
		{193E9499-E5D1-45DD-8A20-FF8006A42E6C}.Debug|Any CPU.Build.0 = Debug|Any CPU
		{193E9499-E5D1-45DD-8A20-FF8006A42E6C}.Release|Any CPU.ActiveCfg = Release|Any CPU
		{193E9499-E5D1-45DD-8A20-FF8006A42E6C}.Release|Any CPU.Build.0 = Release|Any CPU
		{9DF38C88-13BA-4FF4-84D3-913313FE578C}.Debug|Any CPU.ActiveCfg = Debug|Any CPU
		{9DF38C88-13BA-4FF4-84D3-913313FE578C}.Debug|Any CPU.Build.0 = Debug|Any CPU
		{9DF38C88-13BA-4FF4-84D3-913313FE578C}.Release|Any CPU.ActiveCfg = Release|Any CPU
		{9DF38C88-13BA-4FF4-84D3-913313FE578C}.Release|Any CPU.Build.0 = Release|Any CPU
		{C6F67A07-47A8-4496-85F7-98C2FA6ACED2}.Debug|Any CPU.ActiveCfg = Debug|Any CPU
		{C6F67A07-47A8-4496-85F7-98C2FA6ACED2}.Debug|Any CPU.Build.0 = Debug|Any CPU
		{C6F67A07-47A8-4496-85F7-98C2FA6ACED2}.Release|Any CPU.ActiveCfg = Release|Any CPU
		{C6F67A07-47A8-4496-85F7-98C2FA6ACED2}.Release|Any CPU.Build.0 = Release|Any CPU
		{286BDE8E-41AB-4E0A-A192-3AA5FA63514B}.Debug|Any CPU.ActiveCfg = Debug|Any CPU
		{286BDE8E-41AB-4E0A-A192-3AA5FA63514B}.Debug|Any CPU.Build.0 = Debug|Any CPU
		{286BDE8E-41AB-4E0A-A192-3AA5FA63514B}.Release|Any CPU.ActiveCfg = Release|Any CPU
		{286BDE8E-41AB-4E0A-A192-3AA5FA63514B}.Release|Any CPU.Build.0 = Release|Any CPU
	EndGlobalSection
EndGlobal
